// !$*UTF8*$!
{
	archiveVersion = 1;
	classes = {
	};
	objectVersion = 50;
	objects = {

/* Begin PBXBuildFile section */
		30A0FDB0258F7E7A00FEE7A0 /* AppDelegate.swift in Sources */ = {isa = PBXBuildFile; fileRef = 30A0FDAF258F7E7A00FEE7A0 /* AppDelegate.swift */; };
		30A0FDB2258F7E7A00FEE7A0 /* SceneDelegate.swift in Sources */ = {isa = PBXBuildFile; fileRef = 30A0FDB1258F7E7A00FEE7A0 /* SceneDelegate.swift */; };
		30A0FDB4258F7E7A00FEE7A0 /* ViewController.swift in Sources */ = {isa = PBXBuildFile; fileRef = 30A0FDB3258F7E7A00FEE7A0 /* ViewController.swift */; };
		30A0FDB7258F7E7A00FEE7A0 /* Main.storyboard in Resources */ = {isa = PBXBuildFile; fileRef = 30A0FDB5258F7E7A00FEE7A0 /* Main.storyboard */; };
		30A0FDB9258F7E7E00FEE7A0 /* Assets.xcassets in Resources */ = {isa = PBXBuildFile; fileRef = 30A0FDB8258F7E7E00FEE7A0 /* Assets.xcassets */; };
		30A0FDBC258F7E7E00FEE7A0 /* LaunchScreen.storyboard in Resources */ = {isa = PBXBuildFile; fileRef = 30A0FDBA258F7E7E00FEE7A0 /* LaunchScreen.storyboard */; };
		30A0FDC5258F7EED00FEE7A0 /* PresentationController.swift in Sources */ = {isa = PBXBuildFile; fileRef = 30A0FDC4258F7EED00FEE7A0 /* PresentationController.swift */; };
		30A0FDCA258F805100FEE7A0 /* ModalViewController.swift in Sources */ = {isa = PBXBuildFile; fileRef = 30A0FDC9258F805100FEE7A0 /* ModalViewController.swift */; };
		30D3D84525DD3BD100FD8C2D /* UIColorHex.swift in Sources */ = {isa = PBXBuildFile; fileRef = 30D3D84425DD3BD100FD8C2D /* UIColorHex.swift */; };
		30D3D84925DD3CC500FD8C2D /* UIView+border.swift in Sources */ = {isa = PBXBuildFile; fileRef = 30D3D84825DD3CC500FD8C2D /* UIView+border.swift */; };
		30D3D84E25DD3D4000FD8C2D /* Modal.storyboard in Resources */ = {isa = PBXBuildFile; fileRef = 30D3D84D25DD3D4000FD8C2D /* Modal.storyboard */; };
/* End PBXBuildFile section */

/* Begin PBXFileReference section */
		30A0FDAC258F7E7A00FEE7A0 /* sample_modal.app */ = {isa = PBXFileReference; explicitFileType = wrapper.application; includeInIndex = 0; path = sample_modal.app; sourceTree = BUILT_PRODUCTS_DIR; };
		30A0FDAF258F7E7A00FEE7A0 /* AppDelegate.swift */ = {isa = PBXFileReference; lastKnownFileType = sourcecode.swift; path = AppDelegate.swift; sourceTree = "<group>"; };
		30A0FDB1258F7E7A00FEE7A0 /* SceneDelegate.swift */ = {isa = PBXFileReference; lastKnownFileType = sourcecode.swift; path = SceneDelegate.swift; sourceTree = "<group>"; };
		30A0FDB3258F7E7A00FEE7A0 /* ViewController.swift */ = {isa = PBXFileReference; lastKnownFileType = sourcecode.swift; path = ViewController.swift; sourceTree = "<group>"; };
		30A0FDB6258F7E7A00FEE7A0 /* Base */ = {isa = PBXFileReference; lastKnownFileType = file.storyboard; name = Base; path = Base.lproj/Main.storyboard; sourceTree = "<group>"; };
		30A0FDB8258F7E7E00FEE7A0 /* Assets.xcassets */ = {isa = PBXFileReference; lastKnownFileType = folder.assetcatalog; path = Assets.xcassets; sourceTree = "<group>"; };
		30A0FDBB258F7E7E00FEE7A0 /* Base */ = {isa = PBXFileReference; lastKnownFileType = file.storyboard; name = Base; path = Base.lproj/LaunchScreen.storyboard; sourceTree = "<group>"; };
		30A0FDBD258F7E7E00FEE7A0 /* Info.plist */ = {isa = PBXFileReference; lastKnownFileType = text.plist.xml; path = Info.plist; sourceTree = "<group>"; };
		30A0FDC4258F7EED00FEE7A0 /* PresentationController.swift */ = {isa = PBXFileReference; lastKnownFileType = sourcecode.swift; path = PresentationController.swift; sourceTree = "<group>"; };
		30A0FDC9258F805100FEE7A0 /* ModalViewController.swift */ = {isa = PBXFileReference; lastKnownFileType = sourcecode.swift; path = ModalViewController.swift; sourceTree = "<group>"; };
		30D3D84425DD3BD100FD8C2D /* UIColorHex.swift */ = {isa = PBXFileReference; lastKnownFileType = sourcecode.swift; path = UIColorHex.swift; sourceTree = "<group>"; };
		30D3D84825DD3CC500FD8C2D /* UIView+border.swift */ = {isa = PBXFileReference; lastKnownFileType = sourcecode.swift; path = "UIView+border.swift"; sourceTree = "<group>"; };
		30D3D84D25DD3D4000FD8C2D /* Modal.storyboard */ = {isa = PBXFileReference; lastKnownFileType = file.storyboard; path = Modal.storyboard; sourceTree = "<group>"; };
/* End PBXFileReference section */

/* Begin PBXFrameworksBuildPhase section */
		30A0FDA9258F7E7A00FEE7A0 /* Frameworks */ = {
			isa = PBXFrameworksBuildPhase;
			buildActionMask = 2147483647;
			files = (
			);
			runOnlyForDeploymentPostprocessing = 0;
		};
/* End PBXFrameworksBuildPhase section */

/* Begin PBXGroup section */
		30A0FDA3258F7E7900FEE7A0 = {
			isa = PBXGroup;
			children = (
				30A0FDAE258F7E7A00FEE7A0 /* sample_modal */,
				30A0FDAD258F7E7A00FEE7A0 /* Products */,
			);
			sourceTree = "<group>";
		};
		30A0FDAD258F7E7A00FEE7A0 /* Products */ = {
			isa = PBXGroup;
			children = (
				30A0FDAC258F7E7A00FEE7A0 /* sample_modal.app */,
			);
			name = Products;
			sourceTree = "<group>";
		};
		30A0FDAE258F7E7A00FEE7A0 /* sample_modal */ = {
			isa = PBXGroup;
			children = (
				30A0FDAF258F7E7A00FEE7A0 /* AppDelegate.swift */,
				30A0FDB1258F7E7A00FEE7A0 /* SceneDelegate.swift */,
				30D3D84725DD3C8D00FD8C2D /* Extension */,
				30D3D84B25DD3D0C00FD8C2D /* Main */,
				30D3D84C25DD3D1C00FD8C2D /* Modal */,
				30A0FDB8258F7E7E00FEE7A0 /* Assets.xcassets */,
				30A0FDBA258F7E7E00FEE7A0 /* LaunchScreen.storyboard */,
				30A0FDBD258F7E7E00FEE7A0 /* Info.plist */,
			);
			path = sample_modal;
			sourceTree = "<group>";
		};
		30D3D84725DD3C8D00FD8C2D /* Extension */ = {
			isa = PBXGroup;
			children = (
				30D3D84425DD3BD100FD8C2D /* UIColorHex.swift */,
				30D3D84825DD3CC500FD8C2D /* UIView+border.swift */,
			);
			path = Extension;
			sourceTree = "<group>";
		};
		30D3D84B25DD3D0C00FD8C2D /* Main */ = {
			isa = PBXGroup;
			children = (
				30A0FDB3258F7E7A00FEE7A0 /* ViewController.swift */,
				30A0FDB5258F7E7A00FEE7A0 /* Main.storyboard */,
			);
			path = Main;
			sourceTree = "<group>";
		};
		30D3D84C25DD3D1C00FD8C2D /* Modal */ = {
			isa = PBXGroup;
			children = (
				30A0FDC4258F7EED00FEE7A0 /* PresentationController.swift */,
				30A0FDC9258F805100FEE7A0 /* ModalViewController.swift */,
				30D3D84D25DD3D4000FD8C2D /* Modal.storyboard */,
			);
			path = Modal;
			sourceTree = "<group>";
		};
/* End PBXGroup section */

/* Begin PBXNativeTarget section */
		30A0FDAB258F7E7A00FEE7A0 /* sample_modal */ = {
			isa = PBXNativeTarget;
			buildConfigurationList = 30A0FDC0258F7E7E00FEE7A0 /* Build configuration list for PBXNativeTarget "sample_modal" */;
			buildPhases = (
				30A0FDA8258F7E7A00FEE7A0 /* Sources */,
				30A0FDA9258F7E7A00FEE7A0 /* Frameworks */,
				30A0FDAA258F7E7A00FEE7A0 /* Resources */,
			);
			buildRules = (
			);
			dependencies = (
			);
			name = sample_modal;
			productName = sample_modal;
			productReference = 30A0FDAC258F7E7A00FEE7A0 /* sample_modal.app */;
			productType = "com.apple.product-type.application";
		};
/* End PBXNativeTarget section */

/* Begin PBXProject section */
		30A0FDA4258F7E7900FEE7A0 /* Project object */ = {
			isa = PBXProject;
			attributes = {
				LastSwiftUpdateCheck = 1200;
				LastUpgradeCheck = 1200;
				TargetAttributes = {
					30A0FDAB258F7E7A00FEE7A0 = {
						CreatedOnToolsVersion = 12.0.1;
					};
				};
			};
			buildConfigurationList = 30A0FDA7258F7E7900FEE7A0 /* Build configuration list for PBXProject "sample_modal" */;
			compatibilityVersion = "Xcode 9.3";
			developmentRegion = en;
			hasScannedForEncodings = 0;
			knownRegions = (
				en,
				Base,
			);
			mainGroup = 30A0FDA3258F7E7900FEE7A0;
			productRefGroup = 30A0FDAD258F7E7A00FEE7A0 /* Products */;
			projectDirPath = "";
			projectRoot = "";
			targets = (
				30A0FDAB258F7E7A00FEE7A0 /* sample_modal */,
			);
		};
/* End PBXProject section */

/* Begin PBXResourcesBuildPhase section */
		30A0FDAA258F7E7A00FEE7A0 /* Resources */ = {
			isa = PBXResourcesBuildPhase;
			buildActionMask = 2147483647;
			files = (
				30D3D84E25DD3D4000FD8C2D /* Modal.storyboard in Resources */,
				30A0FDBC258F7E7E00FEE7A0 /* LaunchScreen.storyboard in Resources */,
				30A0FDB9258F7E7E00FEE7A0 /* Assets.xcassets in Resources */,
				30A0FDB7258F7E7A00FEE7A0 /* Main.storyboard in Resources */,
			);
			runOnlyForDeploymentPostprocessing = 0;
		};
/* End PBXResourcesBuildPhase section */

/* Begin PBXSourcesBuildPhase section */
		30A0FDA8258F7E7A00FEE7A0 /* Sources */ = {
			isa = PBXSourcesBuildPhase;
			buildActionMask = 2147483647;
			files = (
				30A0FDB4258F7E7A00FEE7A0 /* ViewController.swift in Sources */,
				30A0FDCA258F805100FEE7A0 /* ModalViewController.swift in Sources */,
				30A0FDB0258F7E7A00FEE7A0 /* AppDelegate.swift in Sources */,
				30D3D84525DD3BD100FD8C2D /* UIColorHex.swift in Sources */,
				30A0FDB2258F7E7A00FEE7A0 /* SceneDelegate.swift in Sources */,
				30A0FDC5258F7EED00FEE7A0 /* PresentationController.swift in Sources */,
				30D3D84925DD3CC500FD8C2D /* UIView+border.swift in Sources */,
			);
			runOnlyForDeploymentPostprocessing = 0;
		};
/* End PBXSourcesBuildPhase section */

/* Begin PBXVariantGroup section */
		30A0FDB5258F7E7A00FEE7A0 /* Main.storyboard */ = {
			isa = PBXVariantGroup;
			children = (
				30A0FDB6258F7E7A00FEE7A0 /* Base */,
			);
			name = Main.storyboard;
			sourceTree = "<group>";
		};
		30A0FDBA258F7E7E00FEE7A0 /* LaunchScreen.storyboard */ = {
			isa = PBXVariantGroup;
			children = (
				30A0FDBB258F7E7E00FEE7A0 /* Base */,
			);
			name = LaunchScreen.storyboard;
			sourceTree = "<group>";
		};
/* End PBXVariantGroup section */

/* Begin XCBuildConfiguration section */
		30A0FDBE258F7E7E00FEE7A0 /* Debug */ = {
			isa = XCBuildConfiguration;
			buildSettings = {
				ALWAYS_SEARCH_USER_PATHS = NO;
				CLANG_ANALYZER_NONNULL = YES;
				CLANG_ANALYZER_NUMBER_OBJECT_CONVERSION = YES_AGGRESSIVE;
				CLANG_CXX_LANGUAGE_STANDARD = "gnu++14";
				CLANG_CXX_LIBRARY = "libc++";
				CLANG_ENABLE_MODULES = YES;
				CLANG_ENABLE_OBJC_ARC = YES;
				CLANG_ENABLE_OBJC_WEAK = YES;
				CLANG_WARN_BLOCK_CAPTURE_AUTORELEASING = YES;
				CLANG_WARN_BOOL_CONVERSION = YES;
				CLANG_WARN_COMMA = YES;
				CLANG_WARN_CONSTANT_CONVERSION = YES;
				CLANG_WARN_DEPRECATED_OBJC_IMPLEMENTATIONS = YES;
				CLANG_WARN_DIRECT_OBJC_ISA_USAGE = YES_ERROR;
				CLANG_WARN_DOCUMENTATION_COMMENTS = YES;
				CLANG_WARN_EMPTY_BODY = YES;
				CLANG_WARN_ENUM_CONVERSION = YES;
				CLANG_WARN_INFINITE_RECURSION = YES;
				CLANG_WARN_INT_CONVERSION = YES;
				CLANG_WARN_NON_LITERAL_NULL_CONVERSION = YES;
				CLANG_WARN_OBJC_IMPLICIT_RETAIN_SELF = YES;
				CLANG_WARN_OBJC_LITERAL_CONVERSION = YES;
				CLANG_WARN_OBJC_ROOT_CLASS = YES_ERROR;
				CLANG_WARN_QUOTED_INCLUDE_IN_FRAMEWORK_HEADER = YES;
				CLANG_WARN_RANGE_LOOP_ANALYSIS = YES;
				CLANG_WARN_STRICT_PROTOTYPES = YES;
				CLANG_WARN_SUSPICIOUS_MOVE = YES;
				CLANG_WARN_UNGUARDED_AVAILABILITY = YES_AGGRESSIVE;
				CLANG_WARN_UNREACHABLE_CODE = YES;
				CLANG_WARN__DUPLICATE_METHOD_MATCH = YES;
				COPY_PHASE_STRIP = NO;
				DEBUG_INFORMATION_FORMAT = dwarf;
				ENABLE_STRICT_OBJC_MSGSEND = YES;
				ENABLE_TESTABILITY = YES;
				GCC_C_LANGUAGE_STANDARD = gnu11;
				GCC_DYNAMIC_NO_PIC = NO;
				GCC_NO_COMMON_BLOCKS = YES;
				GCC_OPTIMIZATION_LEVEL = 0;
				GCC_PREPROCESSOR_DEFINITIONS = (
					"DEBUG=1",
					"$(inherited)",
				);
				GCC_WARN_64_TO_32_BIT_CONVERSION = YES;
				GCC_WARN_ABOUT_RETURN_TYPE = YES_ERROR;
				GCC_WARN_UNDECLARED_SELECTOR = YES;
				GCC_WARN_UNINITIALIZED_AUTOS = YES_AGGRESSIVE;
				GCC_WARN_UNUSED_FUNCTION = YES;
				GCC_WARN_UNUSED_VARIABLE = YES;
				IPHONEOS_DEPLOYMENT_TARGET = 14.0;
				MTL_ENABLE_DEBUG_INFO = INCLUDE_SOURCE;
				MTL_FAST_MATH = YES;
				ONLY_ACTIVE_ARCH = YES;
				SDKROOT = iphoneos;
				SWIFT_ACTIVE_COMPILATION_CONDITIONS = DEBUG;
				SWIFT_OPTIMIZATION_LEVEL = "-Onone";
			};
			name = Debug;
		};
		30A0FDBF258F7E7E00FEE7A0 /* Release */ = {
			isa = XCBuildConfiguration;
			buildSettings = {
				ALWAYS_SEARCH_USER_PATHS = NO;
				CLANG_ANALYZER_NONNULL = YES;
				CLANG_ANALYZER_NUMBER_OBJECT_CONVERSION = YES_AGGRESSIVE;
				CLANG_CXX_LANGUAGE_STANDARD = "gnu++14";
				CLANG_CXX_LIBRARY = "libc++";
				CLANG_ENABLE_MODULES = YES;
				CLANG_ENABLE_OBJC_ARC = YES;
				CLANG_ENABLE_OBJC_WEAK = YES;
				CLANG_WARN_BLOCK_CAPTURE_AUTORELEASING = YES;
				CLANG_WARN_BOOL_CONVERSION = YES;
				CLANG_WARN_COMMA = YES;
				CLANG_WARN_CONSTANT_CONVERSION = YES;
				CLANG_WARN_DEPRECATED_OBJC_IMPLEMENTATIONS = YES;
				CLANG_WARN_DIRECT_OBJC_ISA_USAGE = YES_ERROR;
				CLANG_WARN_DOCUMENTATION_COMMENTS = YES;
				CLANG_WARN_EMPTY_BODY = YES;
				CLANG_WARN_ENUM_CONVERSION = YES;
				CLANG_WARN_INFINITE_RECURSION = YES;
				CLANG_WARN_INT_CONVERSION = YES;
				CLANG_WARN_NON_LITERAL_NULL_CONVERSION = YES;
				CLANG_WARN_OBJC_IMPLICIT_RETAIN_SELF = YES;
				CLANG_WARN_OBJC_LITERAL_CONVERSION = YES;
				CLANG_WARN_OBJC_ROOT_CLASS = YES_ERROR;
				CLANG_WARN_QUOTED_INCLUDE_IN_FRAMEWORK_HEADER = YES;
				CLANG_WARN_RANGE_LOOP_ANALYSIS = YES;
				CLANG_WARN_STRICT_PROTOTYPES = YES;
				CLANG_WARN_SUSPICIOUS_MOVE = YES;
				CLANG_WARN_UNGUARDED_AVAILABILITY = YES_AGGRESSIVE;
				CLANG_WARN_UNREACHABLE_CODE = YES;
				CLANG_WARN__DUPLICATE_METHOD_MATCH = YES;
				COPY_PHASE_STRIP = NO;
				DEBUG_INFORMATION_FORMAT = "dwarf-with-dsym";
				ENABLE_NS_ASSERTIONS = NO;
				ENABLE_STRICT_OBJC_MSGSEND = YES;
				GCC_C_LANGUAGE_STANDARD = gnu11;
				GCC_NO_COMMON_BLOCKS = YES;
				GCC_WARN_64_TO_32_BIT_CONVERSION = YES;
				GCC_WARN_ABOUT_RETURN_TYPE = YES_ERROR;
				GCC_WARN_UNDECLARED_SELECTOR = YES;
				GCC_WARN_UNINITIALIZED_AUTOS = YES_AGGRESSIVE;
				GCC_WARN_UNUSED_FUNCTION = YES;
				GCC_WARN_UNUSED_VARIABLE = YES;
				IPHONEOS_DEPLOYMENT_TARGET = 14.0;
				MTL_ENABLE_DEBUG_INFO = NO;
				MTL_FAST_MATH = YES;
				SDKROOT = iphoneos;
				SWIFT_COMPILATION_MODE = wholemodule;
				SWIFT_OPTIMIZATION_LEVEL = "-O";
				VALIDATE_PRODUCT = YES;
			};
			name = Release;
		};
		30A0FDC1258F7E7E00FEE7A0 /* Debug */ = {
			isa = XCBuildConfiguration;
			buildSettings = {
				ASSETCATALOG_COMPILER_APPICON_NAME = AppIcon;
				ASSETCATALOG_COMPILER_GLOBAL_ACCENT_COLOR_NAME = AccentColor;
				CODE_SIGN_STYLE = Automatic;
				DEVELOPMENT_TEAM = LL3ZRXPX56;
				INFOPLIST_FILE = sample_modal/Info.plist;
				LD_RUNPATH_SEARCH_PATHS = (
					"$(inherited)",
					"@executable_path/Frameworks",
				);
				PRODUCT_BUNDLE_IDENTIFIER = "com.chikarikobayashi.sample-modal";
				PRODUCT_NAME = "$(TARGET_NAME)";
				SWIFT_VERSION = 5.0;
				TARGETED_DEVICE_FAMILY = "1,2";
			};
			name = Debug;
		};
		30A0FDC2258F7E7E00FEE7A0 /* Release */ = {
			isa = XCBuildConfiguration;
			buildSettings = {
				ASSETCATALOG_COMPILER_APPICON_NAME = AppIcon;
				ASSETCATALOG_COMPILER_GLOBAL_ACCENT_COLOR_NAME = AccentColor;
				CODE_SIGN_STYLE = Automatic;
				DEVELOPMENT_TEAM = LL3ZRXPX56;
				INFOPLIST_FILE = sample_modal/Info.plist;
				LD_RUNPATH_SEARCH_PATHS = (
					"$(inherited)",
					"@executable_path/Frameworks",
				);
				PRODUCT_BUNDLE_IDENTIFIER = "com.chikarikobayashi.sample-modal";
				PRODUCT_NAME = "$(TARGET_NAME)";
				SWIFT_VERSION = 5.0;
				TARGETED_DEVICE_FAMILY = "1,2";
			};
			name = Release;
		};
/* End XCBuildConfiguration section */

/* Begin XCConfigurationList section */
		30A0FDA7258F7E7900FEE7A0 /* Build configuration list for PBXProject "sample_modal" */ = {
			isa = XCConfigurationList;
			buildConfigurations = (
				30A0FDBE258F7E7E00FEE7A0 /* Debug */,
				30A0FDBF258F7E7E00FEE7A0 /* Release */,
			);
			defaultConfigurationIsVisible = 0;
			defaultConfigurationName = Release;
		};
		30A0FDC0258F7E7E00FEE7A0 /* Build configuration list for PBXNativeTarget "sample_modal" */ = {
			isa = XCConfigurationList;
			buildConfigurations = (
				30A0FDC1258F7E7E00FEE7A0 /* Debug */,
				30A0FDC2258F7E7E00FEE7A0 /* Release */,
			);
			defaultConfigurationIsVisible = 0;
			defaultConfigurationName = Release;
		};
/* End XCConfigurationList section */
	};
	rootObject = 30A0FDA4258F7E7900FEE7A0 /* Project object */;
}
